
Microsoft Visual Studio Solution File, Format Version 12.00
# Visual Studio 15
VisualStudioVersion = 15.0.27703.2047
MinimumVisualStudioVersion = 10.0.40219.1
Project("{2150E333-8FDC-42A3-9474-1A3956D46DE8}") = "Solution Items", "Solution Items", "{A8A83C15-AD11-4EED-BF16-97931C011F75}"
	ProjectSection(SolutionItems) = preProject
		..\..\..\..\index.html = ..\..\..\..\index.html
	EndProjectSection
EndProject
Global
	GlobalSection(SolutionProperties) = preSolution
		HideSolutionNode = FALSE
	EndGlobalSection
	GlobalSection(ExtensibilityGlobals) = postSolution
		SolutionGuid = {509F03E2-2B59-49E0-8B43-298E91623C33}
	EndGlobalSection
EndGlobal
